dmitri.shuralyov.com/gpu/mtl v0.0.0-20190408044501-666a987793e9 h1:VpgP7xuJadIUuKccphEpTJnWhS2jkQyMt6Y7pJCD7fY=
dmitri.shuralyov.com/gpu/mtl v0.0.0-20190408044501-666a987793e9/go.mod h1:H6x//7gZCb22OMCxBHrMx7a5I7Hp++hsVxbQ4BYO7hU=
github.com/200sc/go-dist v1.0.0 h1:Y9bl++4+d8NFv5hzwHyaxbXZmexVCic/rUdQOTq7Jec=
github.com/200sc/go-dist v1.0.0/go.mod h1:+hhVw6j4BQF2HPwLFmsVM4VooSH9sn04apvH52hfboU=
github.com/200sc/klangsynthese v0.2.0 h1:kVveiDyAXOylXJLsQKiT1wXD6Yy+jewrdrfB3urZC6c=
github.com/200sc/klangsynthese v0.2.0/go.mod h1:1yEA6LmYbsEoAPJx+JN+UQk7k5yXebfWsuM1yGPK/3s=
github.com/BurntSushi/toml v0.3.1 h1:WXkYYl6Yr3qBf1K79EBnL4mak0OimBfB0XUf9Vl28OQ=
github.com/BurntSushi/toml v0.3.1/go.mod h1:xHWCNGjB5oqiDr8zfno3MHue2Ht5sIBksp03qcyfWMU=
github.com/BurntSushi/xgb v0.0.0-20160522181843-27f122750802 h1:1BDTz0u9nC3//pOCMdNH+CiXJVYJh5UQNCOBG7jbELc=
github.com/BurntSushi/xgb v0.0.0-20160522181843-27f122750802/go.mod h1:IVnqGOEym/WlBOVXweHU+Q+/VP0lqqI8lqeDx9IjBqo=
github.com/BurntSushi/xgbutil v0.0.0-20190907113008-ad855c713046 h1:O/r2Sj+8QcMF7V5IcmiE2sMFV2q3J47BEirxbXJAdzA=
github.com/BurntSushi/xgbutil v0.0.0-20190907113008-ad855c713046/go.mod h1:uw9h2sd4WWHOPdJ13MQpwK5qYWKYDumDqxWWIknEQ+k=
github.com/akavel/polyclip-go v0.0.0-20160111220610-2cfdb71461bd h1:/DQAi5feF/aviHBeEK8mS1D/bm6gNFlUFtDkX0L7jOU=
github.com/akavel/polyclip-go v0.0.0-20160111220610-2cfdb71461bd/go.mod h1:GwtPRvP/jvUpifg23D1jSVP93pV0cSV9fWOn9sG+HEo=
github.com/davecgh/go-spew v1.1.0/go.mod h1:J7Y8YcW2NihsgmVo/mv3lAwl/skON4iLHjSsI+c5H38=
github.com/davecgh/go-spew v1.1.1 h1:vj9j/u1bqnvCEfJOwUhtlOARqs3+rkHYY13jYWTU97c=
github.com/davecgh/go-spew v1.1.1/go.mod h1:J7Y8YcW2NihsgmVo/mv3lAwl/skON4iLHjSsI+c5H38=
github.com/disintegration/gift v1.2.1 h1:Y005a1X4Z7Uc+0gLpSAsKhWi4qLtsdEcMIbbdvdZ6pc=
github.com/disintegration/gift v1.2.1/go.mod h1:Jh2i7f7Q2BM7Ezno3PhfezbR1xpUg9dUg3/RlKGr4HI=
github.com/fogleman/fauxgl v0.0.0-20191107030710-cdc7b750f217 h1:Nl0aVcRaN4gldTQqbGmxQyDRxU6R/jIYZTLH8t55qJU=
github.com/fogleman/fauxgl v0.0.0-20191107030710-cdc7b750f217/go.mod h1:7f7F8EvO8MWvDx9sIoloOfZBCKzlWuZV/h3TjpXOO3k=
github.com/fogleman/simplify v0.0.0-20170216171241-d32f302d5046 h1:n3RPbpwXSFT0G8FYslzMUBDO09Ix8/dlqzvUkcJm4Jk=
github.com/fogleman/simplify v0.0.0-20170216171241-d32f302d5046/go.mod h1:KDwyDqFmVUxUmo7tmqXtyaaJMdGon06y8BD2jmh84CQ=
github.com/go-gl/glfw v0.0.0-20190409004039-e6da0acd62b1 h1:QbL/5oDUmRBzO9/Z7Seo6zf912W/a6Sr4Eu0G/3Jho0=
github.com/go-gl/glfw v0.0.0-20190409004039-e6da0acd62b1/go.mod h1:vR7hzQXu2zJy9AVAgeJqvqgH9Q5CA+iKCZ2gyEVpxRU=
github.com/go-gl/mathgl v0.0.0-20190713194549-592312d8590a h1:yoAEv7yeWqfL/l9A/J5QOndXIJCldv+uuQB1DSNQbS0=
github.com/go-gl/mathgl v0.0.0-20190713194549-592312d8590a/go.mod h1:yhpkQzEiH9yPyxDUGzkmgScbaBVlhC06qodikEM0ZwQ=
github.com/golang/freetype v0.0.0-20170609003504-e2365dfdc4a0 h1:DACJavvAHhabrF08vX0COfcOBJRhZ8lUbR+ZWIs0Y5g=
github.com/golang/freetype v0.0.0-20170609003504-e2365dfdc4a0/go.mod h1:E/TSTwGwJL78qG/PmXZO1EjYhfJinVAhrmmHX6Z8B9k=
github.com/hajimehoshi/go-mp3 v0.2.1 h1:DH4ns3cPv39n3cs8MPcAlWqPeAwLCK8iNgqvg0QBWI8=
github.com/hajimehoshi/go-mp3 v0.2.1/go.mod h1:Rr+2P46iH6PwTPVgSsEwBkon0CK5DxCAeX/Rp65DCTE=
github.com/hajimehoshi/oto v0.3.4/go.mod h1:PgjqsBJff0efqL2nlMJidJgVJywLn6M4y8PI4TfeWfA=
github.com/mumax/3 v3.9.3+incompatible h1:rdM/gWUe4RT4mTFfQQ6Egc11zcRTUGKpP88m+8AZETU=
github.com/mumax/3 v3.9.3+incompatible/go.mod h1:hECbbdxU2IvQG0vNb4kdRCYDddUlGz7yAadb5pXOWX4=
github.com/oakmound/oak v2.0.0+incompatible h1:88iLPCK9PO+cVLUJpeZG0s7NmHSilkWzIQOolu3AL3E=
github.com/oakmound/oak v2.0.0+incompatible/go.mod h1:LgESy19NqYObZlqk1GcoZJav1Wwmp+YGj2KvziJmU6A=
github.com/oakmound/shiny v0.3.0 h1:PUxrM9qPk/9+rkSDjTvtb3wlUw5Oog0fHIG5N0eQ1mk=
github.com/oakmound/shiny v0.3.0/go.mod h1:cJDeJQ/6Ovs2IiM4xTXjIC8zGJnECKvj8BOpTJ4qrhI=
github.com/oakmound/w32 v2.1.0+incompatible h1:vIkC6eJVOaAnwTTOyiVCGh24GoryPRmcvWq3cekkG2U=
github.com/oakmound/w32 v2.1.0+incompatible/go.mod h1:lzloWlclSXIU4cDr67WF8qjFFDO8gHHBIk4Qqe90enQ=
github.com/oov/directsound-go v0.0.0-20141101201356-e53e59c700bf h1:od9gEl9UQ/QNHlgYlgsSaC5SZ+CGbvO2/PCIgserJc0=
github.com/oov/directsound-go v0.0.0-20141101201356-e53e59c700bf/go.mod h1:RBXkZ8n2vvtdJP6PO+TbU/N/DVuCDwUN53CU+C1pJOs=
github.com/pkg/errors v0.8.1 h1:iURUrRGxPUNPdy5/HRSm+Yj6okJ6UtLINN0Q9M4+h3I=
github.com/pkg/errors v0.8.1/go.mod h1:bwawxfHBFNV+L2hUp1rHADufV3IMtnDRdf1r5NINEl0=
github.com/pmezard/go-difflib v1.0.0 h1:4DBwDE0NGyQoBHbLQYPwSUPoCMWR5BEzIk/f1lZbAQM=
github.com/pmezard/go-difflib v1.0.0/go.mod h1:iKH77koFhYxTK1pcRnkKkqfTogsbg7gZNVY4sRDYZ/4=
github.com/stretchr/objx v0.1.0/go.mod h1:HFkY916IF+rwdDfMAkV7OtwuqBVzrE8GR6GFx+wExME=
github.com/stretchr/testify v1.4.0 h1:2E4SXV/wtOkTonXsotYi4li6zVWxYlZuYNCXe9XRJyk=
github.com/stretchr/testify v1.4.0/go.mod h1:j7eGeouHqKxXV5pUuKE4zz7dFj8WfuZ+81PSLYec5m4=
github.com/yobert/alsa v0.0.0-20190412010934-e9392a2624b7 h1:a2YSmAxh3Lf0hRrF6IVP2iBJDkTXig4baBsluAgWenk=
github.com/yobert/alsa v0.0.0-20190412010934-e9392a2624b7/go.mod h1:CaowXBWOiSGWEpBBV8LoVnQTVPV4ycyviC9IBLj8dRw=
golang.org/x/crypto v0.0.0-20190308221718-c2843e01d9a2/go.mod h1:djNgcEr1/C05ACkg1iLfiJU5Ep61QUkGW8qpdssI0+w=
golang.org/x/crypto v0.0.0-20190510104115-cbcb75029529/go.mod h1:yigFU9vqHzYiE8UmvKecakEJjdnWj3jj499lnFckfCI=
golang.org/x/exp v0.0.0-20190306152737-a1d7652674e8/go.mod h1:CJ0aWSM057203Lf6IL+f9T1iT9GByDxfZKAQTCR3kQA=
golang.org/x/exp v0.0.0-20190731235908-ec7cb31e5a56 h1:estk1glOnSVeJ9tdEZZc5mAMDZk5lNJNyJ6DvrBkTEU=
golang.org/x/exp v0.0.0-20190731235908-ec7cb31e5a56/go.mod h1:JhuoJpWY28nO4Vef9tZUw9qufEGTyX1+7lmHxV5q5G4=
golang.org/x/exp v0.0.0-20191030013958-a1ab85dbe136 h1:A1gGSx58LAGVHUUsOf7IiR0u8Xb6W51gRwfDBhkdcaw=
golang.org/x/exp v0.0.0-20191030013958-a1ab85dbe136/go.mod h1:JXzH8nQsPlswgeRAPE3MuO9GYsAcnJvJ4vnMwN/5qkY=
golang.org/x/image v0.0.0-20190227222117-0694c2d4d067/go.mod h1:kZ7UVZpmo3dzQBMxlp+ypCbDeSB+sBbTgSJuh5dn5js=
golang.org/x/image v0.0.0-20190321063152-3fc05d484e9f/go.mod h1:kZ7UVZpmo3dzQBMxlp+ypCbDeSB+sBbTgSJuh5dn5js=
golang.org/x/image v0.0.0-20190802002840-cff245a6509b/go.mod h1:FeLwcggjj3mMvU+oOTbSwawSJRM1uh48EjtB4UJZlP0=
golang.org/x/image v0.0.0-20191009234506-e7c1f5e7dbb8 h1:hVwzHzIUGRjiF7EcUjqNxk3NCfkPxbDKRdnNE1Rpg0U=
golang.org/x/image v0.0.0-20191009234506-e7c1f5e7dbb8/go.mod h1:FeLwcggjj3mMvU+oOTbSwawSJRM1uh48EjtB4UJZlP0=
golang.org/x/mobile v0.0.0-20190312151609-d3739f865fa6/go.mod h1:z+o9i4GpDbdi3rU15maQ/Ox0txvL9dWGYEHz965HBQE=
golang.org/x/mobile v0.0.0-20190415191353-3e0bab5405d6/go.mod h1:E/iHnbuqvinMTCcRqshq8CkpyQDoeVncDDYHnLhea+o=
golang.org/x/mobile v0.0.0-20190719004257-d2bd2a29d028/go.mod h1:E/iHnbuqvinMTCcRqshq8CkpyQDoeVncDDYHnLhea+o=
golang.org/x/mobile v0.0.0-20191031020345-0945064e013a h1:CrJ8+QyIm2tcw/zt9Rp/vGFsey+jndL1y5EnFwzgGOg=
golang.org/x/mobile v0.0.0-20191031020345-0945064e013a/go.mod h1:p895TfNkDgPEmEQrNiOtIl3j98d/tGU95djDj7NfyjQ=
golang.org/x/mobile v0.0.0-20191112165657-c2e8f9e9c7a3 h1:tU0rxYHg0qtMTRZpAbhda3STXiOBWsMjmXOkyYtOpjk=
golang.org/x/mobile v0.0.0-20191112165657-c2e8f9e9c7a3/go.mod h1:p895TfNkDgPEmEQrNiOtIl3j98d/tGU95djDj7NfyjQ=
golang.org/x/mod v0.1.0/go.mod h1:0QHyrYULN0/3qlju5TqG8bIK38QM8yzMo5ekMj3DlcY=
golang.org/x/net v0.0.0-20190311183353-d8887717615a/go.mod h1:t9HGtf8HONx5eT2rtn7q6eTqICYqUVnKs3thJo3Qplg=
golang.org/x/net v0.0.0-20190404232315-eb5bcb51f2a3/go.mod h1:t9HGtf8HONx5eT2rtn7q6eTqICYqUVnKs3thJo3Qplg=
golang.org/x/net v0.0.0-20190620200207-3b0461eec859/go.mod h1:z5CRVTTTmAJ677TzLLGU+0bjPO0LkuOLi4/5GtJWs/s=
golang.org/x/sync v0.0.0-20190423024810-112230192c58/go.mod h1:RxMgew5VJxzue5/jJTE5uejpjVlOe/izrB70Jof72aM=
golang.org/x/sync v0.0.0-20190911185100-cd5d95a43a6e h1:vcxGaoTs7kV8m5Np9uUNQin4BrLOthgV7252N8V+FwY=
golang.org/x/sync v0.0.0-20190911185100-cd5d95a43a6e/go.mod h1:RxMgew5VJxzue5/jJTE5uejpjVlOe/izrB70Jof72aM=
golang.org/x/sys v0.0.0-20190215142949-d0b11bdaac8a/go.mod h1:STP8DvDyc/dI5b8T5hshtkjS+E42TnysNCUPdjciGhY=
golang.org/x/sys v0.0.0-20190312061237-fead79001313/go.mod h1:h1NjWce9XRLGQEsW7wpKNCjG9DtNlClVuFLEZdDNbEs=
golang.org/x/sys v0.0.0-20190412213103-97732733099d h1:+R4KGOnez64A81RvjARKc4UT5/tI9ujCIVX+P5KiHuI=
golang.org/x/sys v0.0.0-20190412213103-97732733099d/go.mod h1:h1NjWce9XRLGQEsW7wpKNCjG9DtNlClVuFLEZdDNbEs=
golang.org/x/sys v0.0.0-20190429190828-d89cdac9e872 h1:cGjJzUd8RgBw428LXP65YXni0aiGNA4Bl+ls8SmLOm8=
golang.org/x/sys v0.0.0-20190429190828-d89cdac9e872/go.mod h1:h1NjWce9XRLGQEsW7wpKNCjG9DtNlClVuFLEZdDNbEs=
golang.org/x/text v0.3.0/go.mod h1:NqM8EUOU14njkJ3fqMW+pc6Ldnwhi/IjpwHt7yyuwOQ=
golang.org/x/tools v0.0.0-20190312151545-0bb0c0a6e846/go.mod h1:LCzVGOaR6xXOjkQ3onu1FJEFr0SW1gC7cKk1uF8kGRs=
golang.org/x/tools v0.0.0-20190909214602-067311248421/go.mod h1:b+2E5dAYhXwXZwtnZ6UAqBI28+e2cm9otk0dWdXHAEo=
golang.org/x/tools v0.0.0-20191012152004-8de300cfc20a/go.mod h1:b+2E5dAYhXwXZwtnZ6UAqBI28+e2cm9otk0dWdXHAEo=
golang.org/x/xerrors v0.0.0-20190717185122-a985d3407aa7/go.mod h1:I/5z698sn9Ka8TeJc9MKroUUfqBBauWjQqLJ2OPfmY0=
gopkg.in/check.v1 v0.0.0-20161208181325-20d25e280405 h1:yhCVgyC4o1eVCa2tZl7eS0r+SDo693bJlVdllGtEeKM=
gopkg.in/check.v1 v0.0.0-20161208181325-20d25e280405/go.mod h1:Co6ibVJAznAaIkqp8huTwlJQCZ016jof/cbN4VW5Yz0=
gopkg.in/yaml.v2 v2.2.2 h1:ZCJp+EgiOT7lHqUV2J862kp8Qj64Jo6az82+3Td9dZw=
gopkg.in/yaml.v2 v2.2.2/go.mod h1:hI93XBmqTisBFMUTm0b8Fm+jr3Dg1NNxqwp+5A1VGuI=
